
Microsoft Visual Studio Solution File, Format Version 12.00
# Visual Studio Version 16
VisualStudioVersion = 16.0.30413.136
MinimumVisualStudioVersion = 10.0.40219.1
Project("{FAE04EC0-301F-11D3-BF4B-00C04F79EFBC}") = "CheckmateBOT.NET", "CheckmateBOT.NET\CheckmateBOT.NET.csproj", "{C841388B-6D8E-4F27-A86D-051D79529C9F}"
EndProject
Global
	GlobalSection(SolutionConfigurationPlatforms) = preSolution
		Debug|Any CPU = Debug|Any CPU
		Release|Any CPU = Release|Any CPU
	EndGlobalSection
	GlobalSection(ProjectConfigurationPlatforms) = postSolution
		{C841388B-6D8E-4F27-A86D-051D79529C9F}.Debug|Any CPU.ActiveCfg = Debug|Any CPU
		{C841388B-6D8E-4F27-A86D-051D79529C9F}.Debug|Any CPU.Build.0 = Debug|Any CPU
		{C841388B-6D8E-4F27-A86D-051D79529C9F}.Release|Any CPU.ActiveCfg = Release|Any CPU
		{C841388B-6D8E-4F27-A86D-051D79529C9F}.Release|Any CPU.Build.0 = Release|Any CPU
	EndGlobalSection
	GlobalSection(SolutionProperties) = preSolution
		HideSolutionNode = FALSE
	EndGlobalSection
	GlobalSection(ExtensibilityGlobals) = postSolution
		SolutionGuid = {7F50C79B-4E1F-4FF6-906A-6F7C867AF2DD}
	EndGlobalSection
EndGlobal
